<?xml version="1.0" encoding="utf-8"?>
<Project ToolsVersion="4.0" xmlns="http://schemas.microsoft.com/developer/msbuild/2003">
  <ItemGroup>
    <Filter Include="Source Files">
      <UniqueIdentifier>{4FC737F1-C7A5-4376-A066-2A32D752A2FF}</UniqueIdentifier>
      <Extensions>cpp;c;cc;cxx;def;odl;idl;hpj;bat;asm;asmx</Extensions>
    </Filter>
    <Filter Include="Header Files">
      <UniqueIdentifier>{93995380-89BD-4b04-88EB-625FBE52EBFB}</UniqueIdentifier>
      <Extensions>h;hpp;hxx;hm;inl;inc;xsd</Extensions>
    </Filter>
    <Filter Include="Shader">
      <UniqueIdentifier>{67DA6AB6-F800-4c08-8B7A-83BB121AAD01}</UniqueIdentifier>
      <Extensions>rc;ico;cur;bmp;dlg;rc2;rct;bin;rgs;gif;jpg;jpeg;jpe;resx;tiff;tif;png;wav;mfcribbon-ms</Extensions>
    </Filter>
    <Filter Include="SkyBox">
      <UniqueIdentifier>{37a125cd-b9e3-4b31-923e-1226145f54a1}</UniqueIdentifier>
    </Filter>
    <Filter Include="SceneGraph">
      <UniqueIdentifier>{8ac2bec7-1ed0-4c0b-9aa8-0cc9515237eb}</UniqueIdentifier>
    </Filter>
    <Filter Include="SpatialPartition">
      <UniqueIdentifier>{802e439a-6b63-421f-9bce-337a839a36c4}</UniqueIdentifier>
    </Filter>
    <Filter Include="LevelOfDetails">
      <UniqueIdentifier>{3f38a962-a883-4f37-9a91-6979b4fc1f88}</UniqueIdentifier>
    </Filter>
    <Filter Include="Sounds">
      <UniqueIdentifier>{77ebbade-1d06-48fb-a931-1064d45a8cc1}</UniqueIdentifier>
    </Filter>
    <Filter Include="GameStateManagement">
      <UniqueIdentifier>{e7fea300-841a-440b-b984-575959a8c38f}</UniqueIdentifier>
    </Filter>
    <Filter Include="Lua">
      <UniqueIdentifier>{d51a0aa9-bfa7-40db-a7f6-4423e3ef2761}</UniqueIdentifier>
    </Filter>
    <Filter Include="Tilemap">
      <UniqueIdentifier>{8a9fbf88-6205-460e-aed4-3bd99e6c9add}</UniqueIdentifier>
    </Filter>
    <Filter Include="AStar">
      <UniqueIdentifier>{5bd98696-8c24-41ec-9f36-c925a13dffae}</UniqueIdentifier>
    </Filter>
    <Filter Include="Controls">
      <UniqueIdentifier>{dbe5bd06-eaf6-4ff2-bcc2-c5b64d8b9783}</UniqueIdentifier>
    </Filter>
    <Filter Include="Character">
      <UniqueIdentifier>{3306ee31-dde1-472f-b721-282c0ccfd29a}</UniqueIdentifier>
    </Filter>
    <Filter Include="AI">
      <UniqueIdentifier>{07dbec7f-af31-4fa6-b260-9040bf381596}</UniqueIdentifier>
    </Filter>
    <Filter Include="Enemy">
      <UniqueIdentifier>{8dceac26-5a5a-46e1-9a7b-0dbb0da48c40}</UniqueIdentifier>
    </Filter>
  </ItemGroup>
  <ItemGroup>
    <ClCompile Include="Source\main.cpp">
      <Filter>Source Files</Filter>
    </ClCompile>
    <ClCompile Include="Source\FPSCamera.cpp">
      <Filter>Source Files</Filter>
    </ClCompile>
    <ClCompile Include="Source\OBJMesh.cpp">
      <Filter>Source Files</Filter>
    </ClCompile>
    <ClCompile Include="Source\GroundEntity.cpp">
      <Filter>Source Files</Filter>
    </ClCompile>
    <ClCompile Include="Source\TextEntity.cpp">
      <Filter>Source Files</Filter>
    </ClCompile>
    <ClCompile Include="Source\SpriteEntity.cpp">
      <Filter>Source Files</Filter>
    </ClCompile>
    <ClCompile Include="Source\Light.cpp">
      <Filter>Source Files</Filter>
    </ClCompile>
    <ClCompile Include="Source\SkyBox\SkyBoxEntity.cpp">
      <Filter>SkyBox</Filter>
    </ClCompile>
    <ClCompile Include="Source\EntityManager.cpp">
      <Filter>Source Files</Filter>
    </ClCompile>
    <ClCompile Include="Source\GenericEntity.cpp">
      <Filter>Source Files</Filter>
    </ClCompile>
    <ClCompile Include="Source\SceneGraph\SceneGraph.cpp">
      <Filter>SceneGraph</Filter>
    </ClCompile>
    <ClCompile Include="Source\SceneGraph\Transform.cpp">
      <Filter>SceneGraph</Filter>
    </ClCompile>
    <ClCompile Include="Source\SceneGraph\SceneNode.cpp">
      <Filter>SceneGraph</Filter>
    </ClCompile>
    <ClCompile Include="Source\SceneGraph\UpdateTransformation.cpp">
      <Filter>SceneGraph</Filter>
    </ClCompile>
    <ClCompile Include="Source\SpatialPartition\Grid.cpp">
      <Filter>SpatialPartition</Filter>
    </ClCompile>
    <ClCompile Include="Source\SpatialPartition\SpatialPartition.cpp">
      <Filter>SpatialPartition</Filter>
    </ClCompile>
    <ClCompile Include="Source\LevelOfDetails\LevelOfDetails.cpp">
      <Filter>LevelOfDetails</Filter>
    </ClCompile>
    <ClCompile Include="Source\Sounds\Music.cpp">
      <Filter>Sounds</Filter>
    </ClCompile>
    <ClCompile Include="Source\IntroState.cpp">
      <Filter>GameStateManagement</Filter>
    </ClCompile>
    <ClCompile Include="Source\MenuState.cpp">
      <Filter>GameStateManagement</Filter>
    </ClCompile>
    <ClCompile Include="Source\Lua\LuaInterface.cpp">
      <Filter>Lua</Filter>
    </ClCompile>
    <ClCompile Include="Source\OptionState.cpp">
      <Filter>GameStateManagement</Filter>
    </ClCompile>
    <ClCompile Include="Source\ScoreState.cpp">
      <Filter>GameStateManagement</Filter>
    </ClCompile>
    <ClCompile Include="Source\TileMap.cpp">
      <Filter>Tilemap</Filter>
    </ClCompile>
    <ClCompile Include="Source\AStar\AStar.cpp">
      <Filter>AStar</Filter>
    </ClCompile>
    <ClCompile Include="Source\Controls\MapController.cpp">
      <Filter>Controls</Filter>
    </ClCompile>
    <ClCompile Include="Source\BattleScene.cpp">
      <Filter>GameStateManagement</Filter>
    </ClCompile>
    <ClCompile Include="Source\Character\Armor.cpp">
      <Filter>Character</Filter>
    </ClCompile>
    <ClCompile Include="Source\Character\MeleeCharacter.cpp">
      <Filter>Character</Filter>
    </ClCompile>
    <ClCompile Include="Source\Character\Weapon.cpp">
      <Filter>Character</Filter>
    </ClCompile>
    <ClCompile Include="Source\Character\RangedCharacter.cpp">
      <Filter>Source Files</Filter>
    </ClCompile>
    <ClCompile Include="Source\Character\Character.cpp">
      <Filter>Character</Filter>
    </ClCompile>
    <ClCompile Include="Source\Character\FlyingCharacter.cpp">
      <Filter>Character</Filter>
    </ClCompile>
    <ClCompile Include="Source\AI\AI_DefenceFSM.cpp">
      <Filter>AI</Filter>
    </ClCompile>
    <ClCompile Include="Source\AI\AI_OffenceFSM.cpp">
      <Filter>AI</Filter>
    </ClCompile>
    <ClCompile Include="Source\AI\AI_FSM.cpp">
      <Filter>AI</Filter>
    </ClCompile>
    <ClCompile Include="Source\PartySelectScene.cpp">
      <Filter>GameStateManagement</Filter>
    </ClCompile>
    <ClCompile Include="Source\DamageText.cpp">
      <Filter>Source Files</Filter>
    </ClCompile>
    <ClCompile Include="Source\GameplayScene.cpp">
      <Filter>GameStateManagement</Filter>
    </ClCompile>
    <ClCompile Include="Source\PlayerInfo.cpp">
      <Filter>Source Files</Filter>
    </ClCompile>
    <ClCompile Include="Source\Application.cpp">
      <Filter>Source Files</Filter>
    </ClCompile>
    <ClCompile Include="Source\WarMapScene.cpp">
      <Filter>GameStateManagement</Filter>
    </ClCompile>
    <ClCompile Include="Source\RecruitScene.cpp">
      <Filter>GameStateManagement</Filter>
    </ClCompile>
    <ClCompile Include="Source\Enemy\EnemySpawner.cpp">
      <Filter>Enemy</Filter>
    </ClCompile>
  </ItemGroup>
  <ItemGroup>
    <ClInclude Include="Source\Application.h">
      <Filter>Header Files</Filter>
    </ClInclude>
    <ClInclude Include="Source\FPSCamera.h">
      <Filter>Header Files</Filter>
    </ClInclude>
    <ClInclude Include="Source\OBJMesh.h">
      <Filter>Header Files</Filter>
    </ClInclude>
    <ClInclude Include="Source\GroundEntity.h">
      <Filter>Header Files</Filter>
    </ClInclude>
    <ClInclude Include="Source\TextEntity.h">
      <Filter>Header Files</Filter>
    </ClInclude>
    <ClInclude Include="Source\SpriteEntity.h">
      <Filter>Header Files</Filter>
    </ClInclude>
    <ClInclude Include="Source\Light.h">
      <Filter>Header Files</Filter>
    </ClInclude>
    <ClInclude Include="Source\SkyBox\SkyBoxEntity.h">
      <Filter>SkyBox</Filter>
    </ClInclude>
    <ClInclude Include="Source\EntityManager.h">
      <Filter>Header Files</Filter>
    </ClInclude>
    <ClInclude Include="Source\GenericEntity.h">
      <Filter>Header Files</Filter>
    </ClInclude>
    <ClInclude Include="Source\SceneGraph\SceneGraph.h">
      <Filter>SceneGraph</Filter>
    </ClInclude>
    <ClInclude Include="Source\SceneGraph\Transform.h">
      <Filter>SceneGraph</Filter>
    </ClInclude>
    <ClInclude Include="Source\SceneGraph\SceneNode.h">
      <Filter>SceneGraph</Filter>
    </ClInclude>
    <ClInclude Include="Source\SceneGraph\UpdateTransformation.h">
      <Filter>SceneGraph</Filter>
    </ClInclude>
    <ClInclude Include="Source\SpatialPartition\Grid.h">
      <Filter>SpatialPartition</Filter>
    </ClInclude>
    <ClInclude Include="Source\SpatialPartition\SpatialPartition.h">
      <Filter>SpatialPartition</Filter>
    </ClInclude>
    <ClInclude Include="Source\LevelOfDetails\LevelOfDetails.h">
      <Filter>LevelOfDetails</Filter>
    </ClInclude>
    <ClInclude Include="Source\Sounds\Music.h">
      <Filter>Sounds</Filter>
    </ClInclude>
    <ClInclude Include="Source\IntroState.h">
      <Filter>GameStateManagement</Filter>
    </ClInclude>
    <ClInclude Include="Source\MenuState.h">
      <Filter>GameStateManagement</Filter>
    </ClInclude>
    <ClInclude Include="Source\Lua\lauxlib.h">
      <Filter>Lua</Filter>
    </ClInclude>
    <ClInclude Include="Source\Lua\lua.h">
      <Filter>Lua</Filter>
    </ClInclude>
    <ClInclude Include="Source\Lua\lua.hpp">
      <Filter>Lua</Filter>
    </ClInclude>
    <ClInclude Include="Source\Lua\luaconf.h">
      <Filter>Lua</Filter>
    </ClInclude>
    <ClInclude Include="Source\Lua\lualib.h">
      <Filter>Lua</Filter>
    </ClInclude>
    <ClInclude Include="Source\Lua\LuaInterface.h">
      <Filter>Lua</Filter>
    </ClInclude>
    <ClInclude Include="Source\OptionState.h">
      <Filter>GameStateManagement</Filter>
    </ClInclude>
    <ClInclude Include="Source\ScoreState.h">
      <Filter>GameStateManagement</Filter>
    </ClInclude>
    <ClInclude Include="Source\TileMap.h">
      <Filter>Tilemap</Filter>
    </ClInclude>
    <ClInclude Include="Source\AStar\AStar.h">
      <Filter>AStar</Filter>
    </ClInclude>
    <ClInclude Include="Source\Controls\MapController.h">
      <Filter>Controls</Filter>
    </ClInclude>
    <ClInclude Include="Source\BattleScene.h">
      <Filter>GameStateManagement</Filter>
    </ClInclude>
    <ClInclude Include="Source\PlayerInfo.h">
      <Filter>Header Files</Filter>
    </ClInclude>
    <ClInclude Include="Source\Character\Armor.h">
      <Filter>Character</Filter>
    </ClInclude>
    <ClInclude Include="Source\Character\Character.h">
      <Filter>Character</Filter>
    </ClInclude>
    <ClInclude Include="Source\Character\MeleeCharacter.h">
      <Filter>Character</Filter>
    </ClInclude>
    <ClInclude Include="Source\Character\Weapon.h">
      <Filter>Character</Filter>
    </ClInclude>
    <ClInclude Include="Source\Character\RangedCharacter.h">
      <Filter>Header Files</Filter>
    </ClInclude>
    <ClInclude Include="Source\Character\FlyingCharacter.h">
      <Filter>Character</Filter>
    </ClInclude>
    <ClInclude Include="Source\AI\AI_DefenceFSM.h">
      <Filter>AI</Filter>
    </ClInclude>
    <ClInclude Include="Source\AI\AI_FSM.h">
      <Filter>AI</Filter>
    </ClInclude>
    <ClInclude Include="Source\AI\AI_OffenceFSM.h">
      <Filter>AI</Filter>
    </ClInclude>
    <ClInclude Include="Source\Unit.h">
      <Filter>Header Files</Filter>
    </ClInclude>
    <ClInclude Include="Source\PartySelectScene.h">
      <Filter>GameStateManagement</Filter>
    </ClInclude>
    <ClInclude Include="Source\DamageText.h">
      <Filter>Header Files</Filter>
    </ClInclude>
    <ClInclude Include="Source\GameplayScene.h">
      <Filter>GameStateManagement</Filter>
    </ClInclude>
    <ClInclude Include="Source\Character\Item.h">
      <Filter>Header Files</Filter>
    </ClInclude>
    <ClInclude Include="Source\WarMapScene.h">
      <Filter>GameStateManagement</Filter>
    </ClInclude>
    <ClInclude Include="Source\RecruitScene.h">
      <Filter>GameStateManagement</Filter>
    </ClInclude>
    <ClInclude Include="Source\Enemy\EnemySpawner.h">
      <Filter>Enemy</Filter>
    </ClInclude>
  </ItemGroup>
</Project>